// !$*UTF8*$!
{
	archiveVersion = 1;
	classes = {
	};
	objectVersion = 50;
	objects = {

/* Begin PBXBuildFile section */
		5077DCF02348601D00E94FBF /* AppDelegate.swift in Sources */ = {isa = PBXBuildFile; fileRef = 5077DCEF2348601D00E94FBF /* AppDelegate.swift */; };
		5077DCF22348601D00E94FBF /* SceneDelegate.swift in Sources */ = {isa = PBXBuildFile; fileRef = 5077DCF12348601D00E94FBF /* SceneDelegate.swift */; };
		5077DCF42348601D00E94FBF /* ContentView.swift in Sources */ = {isa = PBXBuildFile; fileRef = 5077DCF32348601D00E94FBF /* ContentView.swift */; };
		5077DCF62348601E00E94FBF /* Assets.xcassets in Resources */ = {isa = PBXBuildFile; fileRef = 5077DCF52348601E00E94FBF /* Assets.xcassets */; };
		5077DCF92348601E00E94FBF /* Preview Assets.xcassets in Resources */ = {isa = PBXBuildFile; fileRef = 5077DCF82348601E00E94FBF /* Preview Assets.xcassets */; };
		5077DCFC2348601E00E94FBF /* LaunchScreen.storyboard in Resources */ = {isa = PBXBuildFile; fileRef = 5077DCFA2348601E00E94FBF /* LaunchScreen.storyboard */; };
		50D13F9F2348C649005696DF /* TitleView.swift in Sources */ = {isa = PBXBuildFile; fileRef = 50D13F9E2348C649005696DF /* TitleView.swift */; };
		50D13FA12348C66B005696DF /* CardView.swift in Sources */ = {isa = PBXBuildFile; fileRef = 50D13FA02348C66B005696DF /* CardView.swift */; };
		50D13FA32348C8B6005696DF /* BottomButtonsView.swift in Sources */ = {isa = PBXBuildFile; fileRef = 50D13FA22348C8B6005696DF /* BottomButtonsView.swift */; };
		50D13FA52348C8EA005696DF /* CardsStackView.swift in Sources */ = {isa = PBXBuildFile; fileRef = 50D13FA42348C8EA005696DF /* CardsStackView.swift */; };
/* End PBXBuildFile section */

/* Begin PBXFileReference section */
		5077DCEC2348601D00E94FBF /* Qurani.app */ = {isa = PBXFileReference; explicitFileType = wrapper.application; includeInIndex = 0; path = Qurani.app; sourceTree = BUILT_PRODUCTS_DIR; };
		5077DCEF2348601D00E94FBF /* AppDelegate.swift */ = {isa = PBXFileReference; lastKnownFileType = sourcecode.swift; path = AppDelegate.swift; sourceTree = "<group>"; };
		5077DCF12348601D00E94FBF /* SceneDelegate.swift */ = {isa = PBXFileReference; lastKnownFileType = sourcecode.swift; path = SceneDelegate.swift; sourceTree = "<group>"; };
		5077DCF32348601D00E94FBF /* ContentView.swift */ = {isa = PBXFileReference; lastKnownFileType = sourcecode.swift; path = ContentView.swift; sourceTree = "<group>"; };
		5077DCF52348601E00E94FBF /* Assets.xcassets */ = {isa = PBXFileReference; lastKnownFileType = folder.assetcatalog; path = Assets.xcassets; sourceTree = "<group>"; };
		5077DCF82348601E00E94FBF /* Preview Assets.xcassets */ = {isa = PBXFileReference; lastKnownFileType = folder.assetcatalog; path = "Preview Assets.xcassets"; sourceTree = "<group>"; };
		5077DCFB2348601E00E94FBF /* Base */ = {isa = PBXFileReference; lastKnownFileType = file.storyboard; name = Base; path = Base.lproj/LaunchScreen.storyboard; sourceTree = "<group>"; };
		5077DCFD2348601E00E94FBF /* Info.plist */ = {isa = PBXFileReference; lastKnownFileType = text.plist.xml; path = Info.plist; sourceTree = "<group>"; };
		50D13F9E2348C649005696DF /* TitleView.swift */ = {isa = PBXFileReference; lastKnownFileType = sourcecode.swift; path = TitleView.swift; sourceTree = "<group>"; };
		50D13FA02348C66B005696DF /* CardView.swift */ = {isa = PBXFileReference; lastKnownFileType = sourcecode.swift; path = CardView.swift; sourceTree = "<group>"; };
		50D13FA22348C8B6005696DF /* BottomButtonsView.swift */ = {isa = PBXFileReference; lastKnownFileType = sourcecode.swift; path = BottomButtonsView.swift; sourceTree = "<group>"; };
		50D13FA42348C8EA005696DF /* CardsStackView.swift */ = {isa = PBXFileReference; lastKnownFileType = sourcecode.swift; path = CardsStackView.swift; sourceTree = "<group>"; };
/* End PBXFileReference section */

/* Begin PBXFrameworksBuildPhase section */
		5077DCE92348601D00E94FBF /* Frameworks */ = {
			isa = PBXFrameworksBuildPhase;
			buildActionMask = 2147483647;
			files = (
			);
			runOnlyForDeploymentPostprocessing = 0;
		};
/* End PBXFrameworksBuildPhase section */

/* Begin PBXGroup section */
		5077DCE32348601D00E94FBF = {
			isa = PBXGroup;
			children = (
				5077DCEE2348601D00E94FBF /* Qurani */,
				5077DCED2348601D00E94FBF /* Products */,
			);
			sourceTree = "<group>";
		};
		5077DCED2348601D00E94FBF /* Products */ = {
			isa = PBXGroup;
			children = (
				5077DCEC2348601D00E94FBF /* Qurani.app */,
			);
			name = Products;
			sourceTree = "<group>";
		};
		5077DCEE2348601D00E94FBF /* Qurani */ = {
			isa = PBXGroup;
			children = (
				50D13FA82348D703005696DF /* Delegates */,
				5077DCF32348601D00E94FBF /* ContentView.swift */,
				50D13FA42348C8EA005696DF /* CardsStackView.swift */,
				50D13FA22348C8B6005696DF /* BottomButtonsView.swift */,
				50D13F9E2348C649005696DF /* TitleView.swift */,
				50D13FA02348C66B005696DF /* CardView.swift */,
				5077DCF52348601E00E94FBF /* Assets.xcassets */,
				5077DCFA2348601E00E94FBF /* LaunchScreen.storyboard */,
				5077DCFD2348601E00E94FBF /* Info.plist */,
				5077DCF72348601E00E94FBF /* Preview Content */,
			);
			path = Qurani;
			sourceTree = "<group>";
		};
		5077DCF72348601E00E94FBF /* Preview Content */ = {
			isa = PBXGroup;
			children = (
				5077DCF82348601E00E94FBF /* Preview Assets.xcassets */,
			);
			path = "Preview Content";
			sourceTree = "<group>";
		};
		50D13FA82348D703005696DF /* Delegates */ = {
			isa = PBXGroup;
			children = (
				5077DCEF2348601D00E94FBF /* AppDelegate.swift */,
				5077DCF12348601D00E94FBF /* SceneDelegate.swift */,
			);
			path = Delegates;
			sourceTree = "<group>";
		};
/* End PBXGroup section */

/* Begin PBXNativeTarget section */
		5077DCEB2348601D00E94FBF /* Qurani */ = {
			isa = PBXNativeTarget;
			buildConfigurationList = 5077DD002348601E00E94FBF /* Build configuration list for PBXNativeTarget "Qurani" */;
			buildPhases = (
				5077DCE82348601D00E94FBF /* Sources */,
				5077DCE92348601D00E94FBF /* Frameworks */,
				5077DCEA2348601D00E94FBF /* Resources */,
			);
			buildRules = (
			);
			dependencies = (
			);
			name = Qurani;
			productName = Qurani;
			productReference = 5077DCEC2348601D00E94FBF /* Qurani.app */;
			productType = "com.apple.product-type.application";
		};
/* End PBXNativeTarget section */

/* Begin PBXProject section */
		5077DCE42348601D00E94FBF /* Project object */ = {
			isa = PBXProject;
			attributes = {
				LastSwiftUpdateCheck = 1100;
				LastUpgradeCheck = 1100;
				ORGANIZATIONNAME = "Arief Shaifullah Akbar";
				TargetAttributes = {
					5077DCEB2348601D00E94FBF = {
						CreatedOnToolsVersion = 11.0;
					};
				};
			};
			buildConfigurationList = 5077DCE72348601D00E94FBF /* Build configuration list for PBXProject "Qurani" */;
			compatibilityVersion = "Xcode 9.3";
			developmentRegion = en;
			hasScannedForEncodings = 0;
			knownRegions = (
				en,
				Base,
			);
			mainGroup = 5077DCE32348601D00E94FBF;
			productRefGroup = 5077DCED2348601D00E94FBF /* Products */;
			projectDirPath = "";
			projectRoot = "";
			targets = (
				5077DCEB2348601D00E94FBF /* Qurani */,
			);
		};
/* End PBXProject section */

/* Begin PBXResourcesBuildPhase section */
		5077DCEA2348601D00E94FBF /* Resources */ = {
			isa = PBXResourcesBuildPhase;
			buildActionMask = 2147483647;
			files = (
				5077DCFC2348601E00E94FBF /* LaunchScreen.storyboard in Resources */,
				5077DCF92348601E00E94FBF /* Preview Assets.xcassets in Resources */,
				5077DCF62348601E00E94FBF /* Assets.xcassets in Resources */,
			);
			runOnlyForDeploymentPostprocessing = 0;
		};
/* End PBXResourcesBuildPhase section */

/* Begin PBXSourcesBuildPhase section */
		5077DCE82348601D00E94FBF /* Sources */ = {
			isa = PBXSourcesBuildPhase;
			buildActionMask = 2147483647;
			files = (
				5077DCF02348601D00E94FBF /* AppDelegate.swift in Sources */,
				50D13FA52348C8EA005696DF /* CardsStackView.swift in Sources */,
				50D13FA32348C8B6005696DF /* BottomButtonsView.swift in Sources */,
				50D13F9F2348C649005696DF /* TitleView.swift in Sources */,
				5077DCF22348601D00E94FBF /* SceneDelegate.swift in Sources */,
				5077DCF42348601D00E94FBF /* ContentView.swift in Sources */,
				50D13FA12348C66B005696DF /* CardView.swift in Sources */,
			);
			runOnlyForDeploymentPostprocessing = 0;
		};
/* End PBXSourcesBuildPhase section */

/* Begin PBXVariantGroup section */
		5077DCFA2348601E00E94FBF /* LaunchScreen.storyboard */ = {
			isa = PBXVariantGroup;
			children = (
				5077DCFB2348601E00E94FBF /* Base */,
			);
			name = LaunchScreen.storyboard;
			sourceTree = "<group>";
		};
/* End PBXVariantGroup section */

/* Begin XCBuildConfiguration section */
		5077DCFE2348601E00E94FBF /* Debug */ = {
			isa = XCBuildConfiguration;
			buildSettings = {
				ALWAYS_SEARCH_USER_PATHS = NO;
				CLANG_ANALYZER_NONNULL = YES;
				CLANG_ANALYZER_NUMBER_OBJECT_CONVERSION = YES_AGGRESSIVE;
				CLANG_CXX_LANGUAGE_STANDARD = "gnu++14";
				CLANG_CXX_LIBRARY = "libc++";
				CLANG_ENABLE_MODULES = YES;
				CLANG_ENABLE_OBJC_ARC = YES;
				CLANG_ENABLE_OBJC_WEAK = YES;
				CLANG_WARN_BLOCK_CAPTURE_AUTORELEASING = YES;
				CLANG_WARN_BOOL_CONVERSION = YES;
				CLANG_WARN_COMMA = YES;
				CLANG_WARN_CONSTANT_CONVERSION = YES;
				CLANG_WARN_DEPRECATED_OBJC_IMPLEMENTATIONS = YES;
				CLANG_WARN_DIRECT_OBJC_ISA_USAGE = YES_ERROR;
				CLANG_WARN_DOCUMENTATION_COMMENTS = YES;
				CLANG_WARN_EMPTY_BODY = YES;
				CLANG_WARN_ENUM_CONVERSION = YES;
				CLANG_WARN_INFINITE_RECURSION = YES;
				CLANG_WARN_INT_CONVERSION = YES;
				CLANG_WARN_NON_LITERAL_NULL_CONVERSION = YES;
				CLANG_WARN_OBJC_IMPLICIT_RETAIN_SELF = YES;
				CLANG_WARN_OBJC_LITERAL_CONVERSION = YES;
				CLANG_WARN_OBJC_ROOT_CLASS = YES_ERROR;
				CLANG_WARN_RANGE_LOOP_ANALYSIS = YES;
				CLANG_WARN_STRICT_PROTOTYPES = YES;
				CLANG_WARN_SUSPICIOUS_MOVE = YES;
				CLANG_WARN_UNGUARDED_AVAILABILITY = YES_AGGRESSIVE;
				CLANG_WARN_UNREACHABLE_CODE = YES;
				CLANG_WARN__DUPLICATE_METHOD_MATCH = YES;
				COPY_PHASE_STRIP = NO;
				DEBUG_INFORMATION_FORMAT = dwarf;
				ENABLE_STRICT_OBJC_MSGSEND = YES;
				ENABLE_TESTABILITY = YES;
				GCC_C_LANGUAGE_STANDARD = gnu11;
				GCC_DYNAMIC_NO_PIC = NO;
				GCC_NO_COMMON_BLOCKS = YES;
				GCC_OPTIMIZATION_LEVEL = 0;
				GCC_PREPROCESSOR_DEFINITIONS = (
					"DEBUG=1",
					"$(inherited)",
				);
				GCC_WARN_64_TO_32_BIT_CONVERSION = YES;
				GCC_WARN_ABOUT_RETURN_TYPE = YES_ERROR;
				GCC_WARN_UNDECLARED_SELECTOR = YES;
				GCC_WARN_UNINITIALIZED_AUTOS = YES_AGGRESSIVE;
				GCC_WARN_UNUSED_FUNCTION = YES;
				GCC_WARN_UNUSED_VARIABLE = YES;
				IPHONEOS_DEPLOYMENT_TARGET = 13.0;
				MTL_ENABLE_DEBUG_INFO = INCLUDE_SOURCE;
				MTL_FAST_MATH = YES;
				ONLY_ACTIVE_ARCH = YES;
				SDKROOT = iphoneos;
				SWIFT_ACTIVE_COMPILATION_CONDITIONS = DEBUG;
				SWIFT_OPTIMIZATION_LEVEL = "-Onone";
			};
			name = Debug;
		};
		5077DCFF2348601E00E94FBF /* Release */ = {
			isa = XCBuildConfiguration;
			buildSettings = {
				ALWAYS_SEARCH_USER_PATHS = NO;
				CLANG_ANALYZER_NONNULL = YES;
				CLANG_ANALYZER_NUMBER_OBJECT_CONVERSION = YES_AGGRESSIVE;
				CLANG_CXX_LANGUAGE_STANDARD = "gnu++14";
				CLANG_CXX_LIBRARY = "libc++";
				CLANG_ENABLE_MODULES = YES;
				CLANG_ENABLE_OBJC_ARC = YES;
				CLANG_ENABLE_OBJC_WEAK = YES;
				CLANG_WARN_BLOCK_CAPTURE_AUTORELEASING = YES;
				CLANG_WARN_BOOL_CONVERSION = YES;
				CLANG_WARN_COMMA = YES;
				CLANG_WARN_CONSTANT_CONVERSION = YES;
				CLANG_WARN_DEPRECATED_OBJC_IMPLEMENTATIONS = YES;
				CLANG_WARN_DIRECT_OBJC_ISA_USAGE = YES_ERROR;
				CLANG_WARN_DOCUMENTATION_COMMENTS = YES;
				CLANG_WARN_EMPTY_BODY = YES;
				CLANG_WARN_ENUM_CONVERSION = YES;
				CLANG_WARN_INFINITE_RECURSION = YES;
				CLANG_WARN_INT_CONVERSION = YES;
				CLANG_WARN_NON_LITERAL_NULL_CONVERSION = YES;
				CLANG_WARN_OBJC_IMPLICIT_RETAIN_SELF = YES;
				CLANG_WARN_OBJC_LITERAL_CONVERSION = YES;
				CLANG_WARN_OBJC_ROOT_CLASS = YES_ERROR;
				CLANG_WARN_RANGE_LOOP_ANALYSIS = YES;
				CLANG_WARN_STRICT_PROTOTYPES = YES;
				CLANG_WARN_SUSPICIOUS_MOVE = YES;
				CLANG_WARN_UNGUARDED_AVAILABILITY = YES_AGGRESSIVE;
				CLANG_WARN_UNREACHABLE_CODE = YES;
				CLANG_WARN__DUPLICATE_METHOD_MATCH = YES;
				COPY_PHASE_STRIP = NO;
				DEBUG_INFORMATION_FORMAT = "dwarf-with-dsym";
				ENABLE_NS_ASSERTIONS = NO;
				ENABLE_STRICT_OBJC_MSGSEND = YES;
				GCC_C_LANGUAGE_STANDARD = gnu11;
				GCC_NO_COMMON_BLOCKS = YES;
				GCC_WARN_64_TO_32_BIT_CONVERSION = YES;
				GCC_WARN_ABOUT_RETURN_TYPE = YES_ERROR;
				GCC_WARN_UNDECLARED_SELECTOR = YES;
				GCC_WARN_UNINITIALIZED_AUTOS = YES_AGGRESSIVE;
				GCC_WARN_UNUSED_FUNCTION = YES;
				GCC_WARN_UNUSED_VARIABLE = YES;
				IPHONEOS_DEPLOYMENT_TARGET = 13.0;
				MTL_ENABLE_DEBUG_INFO = NO;
				MTL_FAST_MATH = YES;
				SDKROOT = iphoneos;
				SWIFT_COMPILATION_MODE = wholemodule;
				SWIFT_OPTIMIZATION_LEVEL = "-O";
				VALIDATE_PRODUCT = YES;
			};
			name = Release;
		};
		5077DD012348601E00E94FBF /* Debug */ = {
			isa = XCBuildConfiguration;
			buildSettings = {
				ASSETCATALOG_COMPILER_APPICON_NAME = AppIcon;
				CODE_SIGN_STYLE = Automatic;
				DEVELOPMENT_ASSET_PATHS = "\"Qurani/Preview Content\"";
				DEVELOPMENT_TEAM = RRPP8KKB4V;
				ENABLE_PREVIEWS = YES;
				INFOPLIST_FILE = Qurani/Info.plist;
				LD_RUNPATH_SEARCH_PATHS = (
					"$(inherited)",
					"@executable_path/Frameworks",
				);
				PRODUCT_BUNDLE_IDENTIFIER = com.shaifullah.Qurani;
				PRODUCT_NAME = "$(TARGET_NAME)";
				SWIFT_VERSION = 5.0;
				TARGETED_DEVICE_FAMILY = "1,2";
			};
			name = Debug;
		};
		5077DD022348601E00E94FBF /* Release */ = {
			isa = XCBuildConfiguration;
			buildSettings = {
				ASSETCATALOG_COMPILER_APPICON_NAME = AppIcon;
				CODE_SIGN_STYLE = Automatic;
				DEVELOPMENT_ASSET_PATHS = "\"Qurani/Preview Content\"";
				DEVELOPMENT_TEAM = RRPP8KKB4V;
				ENABLE_PREVIEWS = YES;
				INFOPLIST_FILE = Qurani/Info.plist;
				LD_RUNPATH_SEARCH_PATHS = (
					"$(inherited)",
					"@executable_path/Frameworks",
				);
				PRODUCT_BUNDLE_IDENTIFIER = com.shaifullah.Qurani;
				PRODUCT_NAME = "$(TARGET_NAME)";
				SWIFT_VERSION = 5.0;
				TARGETED_DEVICE_FAMILY = "1,2";
			};
			name = Release;
		};
/* End XCBuildConfiguration section */

/* Begin XCConfigurationList section */
		5077DCE72348601D00E94FBF /* Build configuration list for PBXProject "Qurani" */ = {
			isa = XCConfigurationList;
			buildConfigurations = (
				5077DCFE2348601E00E94FBF /* Debug */,
				5077DCFF2348601E00E94FBF /* Release */,
			);
			defaultConfigurationIsVisible = 0;
			defaultConfigurationName = Release;
		};
		5077DD002348601E00E94FBF /* Build configuration list for PBXNativeTarget "Qurani" */ = {
			isa = XCConfigurationList;
			buildConfigurations = (
				5077DD012348601E00E94FBF /* Debug */,
				5077DD022348601E00E94FBF /* Release */,
			);
			defaultConfigurationIsVisible = 0;
			defaultConfigurationName = Release;
		};
/* End XCConfigurationList section */
	};
	rootObject = 5077DCE42348601D00E94FBF /* Project object */;
}
